{
  "name": "brum-js-chrome-extension",
  "version": "1.3.7",
  "lockfileVersion": 2,
  "requires": true,
  "packages": {
    "": {
      "name": "brum-js-chrome-extension",
      "version": "1.3.7",
      "license": "ISC",
      "dependencies": {
        "crx-hotreload": "^1.0.6"
      }
    },
    "node_modules/crx-hotreload": {
      "version": "1.0.6",
      "resolved": "https://registry.npmjs.org/crx-hotreload/-/crx-hotreload-1.0.6.tgz",
      "integrity": "sha512-W07F3gXyCTrHf4w1W2v6y3PHBYyYtJKCiBmgf0FkkteFh9GhqeV9HR7+UbKKfnrx39oC+PHycz9NmBMerIcbGA=="
    }
  },
  "dependencies": {
    "crx-hotreload": {
      "version": "1.0.6",
      "resolved": "https://registry.npmjs.org/crx-hotreload/-/crx-hotreload-1.0.6.tgz",
      "integrity": "sha512-W07F3gXyCTrHf4w1W2v6y3PHBYyYtJKCiBmgf0FkkteFh9GhqeV9HR7+UbKKfnrx39oC+PHycz9NmBMerIcbGA=="
    }
  }
}
